PODS:
  - CTWebSocket (0.1.0):
    - Starscream
  - Starscream (4.0.4)

DEPENDENCIES:
  - CTWebSocket (from `../`)

SPEC REPOS:
  https://github.com/CocoaPods/Specs.git:
    - Starscream

EXTERNAL SOURCES:
  CTWebSocket:
    :path: "../"

SPEC CHECKSUMS:
  CTWebSocket: b483c29090f46791870542964343b5893422fd59
  Starscream: 5178aed56b316f13fa3bc55694e583d35dd414d9

PODFILE CHECKSUM: 533cc93d24deacd9166ea37bf42cfb115e32dea8

COCOAPODS: 1.10.0
